
Microsoft Visual Studio Solution File, Format Version 12.00
# Visual Studio Version 17
VisualStudioVersion = 17.10.35122.118
MinimumVisualStudioVersion = 10.0.40219.1
Project("{FAE04EC0-301F-11D3-BF4B-00C04F79EFBC}") = "TransferirArquivoCliente", "TransferirArquivoCliente.csproj", "{5AA4B94F-E1DC-45BE-B535-B84369551089}"
EndProject
Global
	GlobalSection(SolutionConfigurationPlatforms) = preSolution
		Debug|Any CPU = Debug|Any CPU
		Release|Any CPU = Release|Any CPU
	EndGlobalSection
	GlobalSection(ProjectConfigurationPlatforms) = postSolution
		{5AA4B94F-E1DC-45BE-B535-B84369551089}.Debug|Any CPU.ActiveCfg = Debug|Any CPU
		{5AA4B94F-E1DC-45BE-B535-B84369551089}.Debug|Any CPU.Build.0 = Debug|Any CPU
		{5AA4B94F-E1DC-45BE-B535-B84369551089}.Release|Any CPU.ActiveCfg = Release|Any CPU
		{5AA4B94F-E1DC-45BE-B535-B84369551089}.Release|Any CPU.Build.0 = Release|Any CPU
	EndGlobalSection
	GlobalSection(SolutionProperties) = preSolution
		HideSolutionNode = FALSE
	EndGlobalSection
	GlobalSection(ExtensibilityGlobals) = postSolution
		SolutionGuid = {3364537E-693B-4F13-8153-CEAF2112B7F4}
	EndGlobalSection
EndGlobal
